
Microsoft Visual Studio Solution File, Format Version 11.00
# Visual C# Express 2010
Project("{FAE04EC0-301F-11D3-BF4B-00C04F79EFBC}") = "RandomMood", "RandomMood\RandomMood.csproj", "{F2A3F4D0-41DA-4811-8CE5-F3D604C129EB}"
EndProject
Global
	GlobalSection(SolutionConfigurationPlatforms) = preSolution
		Debug|x86 = Debug|x86
		Release|x86 = Release|x86
	EndGlobalSection
	GlobalSection(ProjectConfigurationPlatforms) = postSolution
		{F2A3F4D0-41DA-4811-8CE5-F3D604C129EB}.Debug|x86.ActiveCfg = Debug|x86
		{F2A3F4D0-41DA-4811-8CE5-F3D604C129EB}.Debug|x86.Build.0 = Debug|x86
		{F2A3F4D0-41DA-4811-8CE5-F3D604C129EB}.Release|x86.ActiveCfg = Release|x86
		{F2A3F4D0-41DA-4811-8CE5-F3D604C129EB}.Release|x86.Build.0 = Release|x86
	EndGlobalSection
	GlobalSection(SolutionProperties) = preSolution
		HideSolutionNode = FALSE
	EndGlobalSection
EndGlobal
